<?xml version="1.0" encoding="utf-8"?>
<Project ToolsVersion="17.0" xmlns="http://schemas.microsoft.com/developer/msbuild/2003">
  <ItemGroup>
    <CustomBuild Include="C:\Users\qduke\assimp\CMakeFiles\8b128a0761f330836c3070473ab7bd50\INSTALL_force.rule">
      <Filter>CMake Rules</Filter>
    </CustomBuild>
  </ItemGroup>
  <ItemGroup>
    <Filter Include="CMake Rules">
      <UniqueIdentifier>{FAB4A1B7-6B46-3642-8411-BAA8895AB487}</UniqueIdentifier>
    </Filter>
  </ItemGroup>
</Project>
