<?xml version="1.0" encoding="utf-8"?>
<Project ToolsVersion="4.0" xmlns="http://schemas.microsoft.com/developer/msbuild/2003">
  <ItemGroup>
    <Filter Include="Source Files">
      <UniqueIdentifier>{4FC737F1-C7A5-4376-A066-2A32D752A2FF}</UniqueIdentifier>
      <Extensions>cpp;c;cc;cxx;c++;cppm;ixx;def;odl;idl;hpj;bat;asm;asmx</Extensions>
    </Filter>
    <Filter Include="Header Files">
      <UniqueIdentifier>{93995380-89BD-4b04-88EB-625FBE52EBFB}</UniqueIdentifier>
      <Extensions>h;hh;hpp;hxx;h++;hm;inl;inc;ipp;xsd</Extensions>
    </Filter>
    <Filter Include="Resource Files">
      <UniqueIdentifier>{67DA6AB6-F800-4c08-8B7A-83BB121AAD01}</UniqueIdentifier>
      <Extensions>rc;ico;cur;bmp;dlg;rc2;rct;bin;rgs;gif;jpg;jpeg;jpe;resx;tiff;tif;png;wav;mfcribbon-ms</Extensions>
    </Filter>
    <Filter Include="Source Files\imgui">
      <UniqueIdentifier>{4675734f-e55f-4f9f-a958-1d42cef3f963}</UniqueIdentifier>
    </Filter>
    <Filter Include="Header Files\actors">
      <UniqueIdentifier>{44415d22-fa44-43b1-bff1-9ffc9df4d202}</UniqueIdentifier>
    </Filter>
    <Filter Include="Header Files\actors\enemies">
      <UniqueIdentifier>{7eaf2047-6b32-475d-a54a-1aadb4bf97a7}</UniqueIdentifier>
    </Filter>
    <Filter Include="Header Files\common">
      <UniqueIdentifier>{172d8043-20ab-4898-ac91-3ee49fcc3f71}</UniqueIdentifier>
    </Filter>
  </ItemGroup>
  <ItemGroup>
    <ClCompile Include="bob-omb.cpp">
      <Filter>Source Files</Filter>
    </ClCompile>
    <ClCompile Include="enemy.cpp">
      <Filter>Source Files</Filter>
    </ClCompile>
    <ClCompile Include="g_collision.cpp">
      <Filter>Source Files</Filter>
    </ClCompile>
    <ClCompile Include="game.cpp">
      <Filter>Source Files</Filter>
    </ClCompile>
    <ClCompile Include="game_obj.cpp">
      <Filter>Source Files</Filter>
    </ClCompile>
    <ClCompile Include="goomba.cpp">
      <Filter>Source Files</Filter>
    </ClCompile>
    <ClCompile Include="lvl.cpp">
      <Filter>Source Files</Filter>
    </ClCompile>
    <ClCompile Include="main.cpp">
      <Filter>Source Files</Filter>
    </ClCompile>
    <ClCompile Include="player.cpp">
      <Filter>Source Files</Filter>
    </ClCompile>
    <ClCompile Include="stb_image.cpp">
      <Filter>Source Files</Filter>
    </ClCompile>
    <ClCompile Include="whomp.cpp">
      <Filter>Source Files</Filter>
    </ClCompile>
    <ClCompile Include="boss.c">
      <Filter>Source Files</Filter>
    </ClCompile>
    <ClCompile Include="glad.c">
      <Filter>Source Files</Filter>
    </ClCompile>
    <ClCompile Include="imgui\imgui.cpp">
      <Filter>Source Files\imgui</Filter>
    </ClCompile>
    <ClCompile Include="imgui\imgui_demo.cpp">
      <Filter>Source Files\imgui</Filter>
    </ClCompile>
    <ClCompile Include="imgui\imgui_draw.cpp">
      <Filter>Source Files\imgui</Filter>
    </ClCompile>
    <ClCompile Include="imgui\imgui_impl_glfw.cpp">
      <Filter>Source Files\imgui</Filter>
    </ClCompile>
    <ClCompile Include="imgui\imgui_impl_opengl3.cpp">
      <Filter>Source Files\imgui</Filter>
    </ClCompile>
    <ClCompile Include="imgui\imgui_tables.cpp">
      <Filter>Source Files\imgui</Filter>
    </ClCompile>
    <ClCompile Include="imgui\imgui_widgets.cpp">
      <Filter>Source Files\imgui</Filter>
    </ClCompile>
  </ItemGroup>
  <ItemGroup>
    <ClInclude Include="engine.h">
      <Filter>Header Files</Filter>
    </ClInclude>
    <ClInclude Include="euler.h">
      <Filter>Header Files</Filter>
    </ClInclude>
    <ClInclude Include="g_animation.h">
      <Filter>Header Files</Filter>
    </ClInclude>
    <ClInclude Include="g_animator.h">
      <Filter>Header Files</Filter>
    </ClInclude>
    <ClInclude Include="g_animdata.h">
      <Filter>Header Files</Filter>
    </ClInclude>
    <ClInclude Include="g_bone.h">
      <Filter>Header Files</Filter>
    </ClInclude>
    <ClInclude Include="g_camera.h">
      <Filter>Header Files</Filter>
    </ClInclude>
    <ClInclude Include="g_collision.h">
      <Filter>Header Files</Filter>
    </ClInclude>
    <ClInclude Include="g_cubemap.h">
      <Filter>Header Files</Filter>
    </ClInclude>
    <ClInclude Include="g_GUI.h">
      <Filter>Header Files</Filter>
    </ClInclude>
    <ClInclude Include="game.h">
      <Filter>Header Files</Filter>
    </ClInclude>
    <ClInclude Include="game_obj.h">
      <Filter>Header Files</Filter>
    </ClInclude>
    <ClInclude Include="glfw_setup.h">
      <Filter>Header Files</Filter>
    </ClInclude>
    <ClInclude Include="grid.h">
      <Filter>Header Files</Filter>
    </ClInclude>
    <ClInclude Include="lvl.h">
      <Filter>Header Files</Filter>
    </ClInclude>
    <ClInclude Include="math.h">
      <Filter>Header Files</Filter>
    </ClInclude>
    <ClInclude Include="obj_renderer.h">
      <Filter>Header Files</Filter>
    </ClInclude>
    <ClInclude Include="player.h">
      <Filter>Header Files</Filter>
    </ClInclude>
    <ClInclude Include="resource_manager.h">
      <Filter>Header Files</Filter>
    </ClInclude>
    <ClInclude Include="surface_collision.h">
      <Filter>Header Files</Filter>
    </ClInclude>
    <ClInclude Include="animFlag.h">
      <Filter>Header Files</Filter>
    </ClInclude>
    <ClInclude Include="common_assets.h">
      <Filter>Header Files</Filter>
    </ClInclude>
    <ClInclude Include="bob-omb.h">
      <Filter>Header Files\actors\enemies</Filter>
    </ClInclude>
    <ClInclude Include="boss.h">
      <Filter>Header Files\actors\enemies</Filter>
    </ClInclude>
    <ClInclude Include="enemy.h">
      <Filter>Header Files\actors\enemies</Filter>
    </ClInclude>
    <ClInclude Include="whomp.h">
      <Filter>Header Files\actors\enemies</Filter>
    </ClInclude>
    <ClInclude Include="goomba.h">
      <Filter>Header Files\actors\enemies</Filter>
    </ClInclude>
    <ClInclude Include="g_mesh.h">
      <Filter>Header Files\common</Filter>
    </ClInclude>
    <ClInclude Include="g_model.h">
      <Filter>Header Files\common</Filter>
    </ClInclude>
    <ClInclude Include="g_shader.h">
      <Filter>Header Files\common</Filter>
    </ClInclude>
    <ClInclude Include="framebuffers.h">
      <Filter>Header Files\common</Filter>
    </ClInclude>
    <ClInclude Include="scene.h">
      <Filter>Header Files\common</Filter>
    </ClInclude>
  </ItemGroup>
</Project>